
Microsoft Visual Studio Solution File, Format Version 12.00
# Visual Studio Version 16
VisualStudioVersion = 16.0.31424.327
MinimumVisualStudioVersion = 10.0.40219.1
Project("{FAE04EC0-301F-11D3-BF4B-00C04F79EFBC}") = "MSDevConferenceApp", "MSDevConferenceApp\MSDevConferenceApp.csproj", "{B9DFDBBB-D01A-4017-8D21-907ABCBBCF3C}"
EndProject
Global
	GlobalSection(SolutionConfigurationPlatforms) = preSolution
		Debug|Any CPU = Debug|Any CPU
		Release|Any CPU = Release|Any CPU
	EndGlobalSection
	GlobalSection(ProjectConfigurationPlatforms) = postSolution
		{B9DFDBBB-D01A-4017-8D21-907ABCBBCF3C}.Debug|Any CPU.ActiveCfg = Debug|Any CPU
		{B9DFDBBB-D01A-4017-8D21-907ABCBBCF3C}.Debug|Any CPU.Build.0 = Debug|Any CPU
		{B9DFDBBB-D01A-4017-8D21-907ABCBBCF3C}.Release|Any CPU.ActiveCfg = Release|Any CPU
		{B9DFDBBB-D01A-4017-8D21-907ABCBBCF3C}.Release|Any CPU.Build.0 = Release|Any CPU
	EndGlobalSection
	GlobalSection(SolutionProperties) = preSolution
		HideSolutionNode = FALSE
	EndGlobalSection
	GlobalSection(ExtensibilityGlobals) = postSolution
		SolutionGuid = {224D9847-56C1-4310-8DCB-E2DE7F633863}
	EndGlobalSection
EndGlobal
